<?xml version="1.0" encoding="utf-8"?>
<Project ToolsVersion="4.0" xmlns="http://schemas.microsoft.com/developer/msbuild/2003">
  <ItemGroup>
    <Filter Include="sdk">
      <UniqueIdentifier>{fe7787a7-b804-41d3-be48-199e3e976b58}</UniqueIdentifier>
    </Filter>
    <Filter Include="ck">
      <UniqueIdentifier>{e6be9d69-5f27-43eb-8218-61be83010b88}</UniqueIdentifier>
    </Filter>
    <Filter Include="mp">
      <UniqueIdentifier>{0a45357b-dafc-4a61-a7ab-2eebfa7df563}</UniqueIdentifier>
    </Filter>
    <Filter Include="sdk\actions">
      <UniqueIdentifier>{7281a3ff-33d7-46a3-a796-aa6206d6a19e}</UniqueIdentifier>
    </Filter>
    <Filter Include="sdk\scripting">
      <UniqueIdentifier>{0f4aaaf4-19db-4d0f-9d9a-e5c29c8848bc}</UniqueIdentifier>
    </Filter>
    <Filter Include="utils">
      <UniqueIdentifier>{3b43f60a-4677-4ed3-90de-5b6611177644}</UniqueIdentifier>
    </Filter>
    <Filter Include="third_party">
      <UniqueIdentifier>{3a6aab74-be8f-455c-8711-46c74989c178}</UniqueIdentifier>
    </Filter>
    <Filter Include="third_party\ImGUI">
      <UniqueIdentifier>{511e04c8-c4e2-4298-91e9-44c1d3e1d269}</UniqueIdentifier>
    </Filter>
    <Filter Include="sdk\internal">
      <UniqueIdentifier>{c5004be6-3580-4a72-8222-c6798b82ab75}</UniqueIdentifier>
    </Filter>
    <Filter Include="sdk\render">
      <UniqueIdentifier>{5779f6a9-04a5-4806-960c-3ce52300846c}</UniqueIdentifier>
    </Filter>
    <Filter Include="third_party\fmt">
      <UniqueIdentifier>{e5f8d816-68eb-47e1-a746-dc35bac9ae3a}</UniqueIdentifier>
    </Filter>
    <Filter Include="third_party\fmt\include">
      <UniqueIdentifier>{ea790aac-5675-4b19-8961-56f463efcb54}</UniqueIdentifier>
    </Filter>
    <Filter Include="third_party\fmt\src">
      <UniqueIdentifier>{bf47c2cc-0bbd-4b03-a241-0332615a92bc}</UniqueIdentifier>
    </Filter>
    <Filter Include="sdk\game">
      <UniqueIdentifier>{9cb1e333-5440-4513-a797-729fa006b26a}</UniqueIdentifier>
    </Filter>
  </ItemGroup>
  <ItemGroup>
    <ClInclude Include="ck\HM3DebugConsole.h">
      <Filter>ck</Filter>
    </ClInclude>
    <ClInclude Include="ck\HM3Function.h">
      <Filter>ck</Filter>
    </ClInclude>
    <ClInclude Include="ck\HM3Game.h">
      <Filter>ck</Filter>
    </ClInclude>
    <ClInclude Include="ck\HM3Hooks.h">
      <Filter>ck</Filter>
    </ClInclude>
    <ClInclude Include="ck\HM3Offsets.h">
      <Filter>ck</Filter>
    </ClInclude>
    <ClInclude Include="ck\HM3Player.h">
      <Filter>ck</Filter>
    </ClInclude>
    <ClInclude Include="ck\HM3Types.h">
      <Filter>ck</Filter>
    </ClInclude>
    <ClInclude Include="ck\HM3MemoryProvider.h">
      <Filter>ck</Filter>
    </ClInclude>
    <ClInclude Include="ck\HM3ProcessCache.h">
      <Filter>ck</Filter>
    </ClInclude>
    <ClInclude Include="ck\HM3CrashHandler.h">
      <Filter>ck</Filter>
    </ClInclude>
    <ClInclude Include="ck\HM3ScopedProtection.h">
      <Filter>ck</Filter>
    </ClInclude>
    <ClInclude Include="sdk\ZHM3Hitman3.h">
      <Filter>sdk</Filter>
    </ClInclude>
    <ClInclude Include="sdk\ZGameDataFactory.h">
      <Filter>sdk</Filter>
    </ClInclude>
    <ClInclude Include="sdk\ZGameGlobals.h">
      <Filter>sdk</Filter>
    </ClInclude>
    <ClInclude Include="mp\MP.h">
      <Filter>mp</Filter>
    </ClInclude>
    <ClInclude Include="sdk\ZSysFile.h">
      <Filter>sdk</Filter>
    </ClInclude>
    <ClInclude Include="sdk\ZGUIBase.h">
      <Filter>sdk</Filter>
    </ClInclude>
    <ClInclude Include="sdk\ZHM3Camera.h">
      <Filter>sdk</Filter>
    </ClInclude>
    <ClInclude Include="sdk\MathCommon.h">
      <Filter>sdk</Filter>
    </ClInclude>
    <ClInclude Include="sdk\ZHM3GameData.h">
      <Filter>sdk</Filter>
    </ClInclude>
    <ClInclude Include="sdk\ZSysMem.h">
      <Filter>sdk</Filter>
    </ClInclude>
    <ClInclude Include="sdk\InterfacesProvider.h">
      <Filter>sdk</Filter>
    </ClInclude>
    <ClInclude Include="ck\HM3ActionFactory.h">
      <Filter>ck</Filter>
    </ClInclude>
    <ClInclude Include="sdk\ZGameFunctions.h">
      <Filter>sdk</Filter>
    </ClInclude>
    <ClInclude Include="sdk\actions\ZLnkAction.h">
      <Filter>sdk\actions</Filter>
    </ClInclude>
    <ClInclude Include="sdk\scripting\ZScriptC.h">
      <Filter>sdk\scripting</Filter>
    </ClInclude>
    <ClInclude Include="sdk\ResourceCollection.h">
      <Filter>sdk</Filter>
    </ClInclude>
    <ClInclude Include="sdk\ZHM3Actor.h">
      <Filter>sdk</Filter>
    </ClInclude>
    <ClInclude Include="sdk\ZSysInterfaceWintel.h">
      <Filter>sdk</Filter>
    </ClInclude>
    <ClInclude Include="sdk\ZEngineDatabase.h">
      <Filter>sdk</Filter>
    </ClInclude>
    <ClInclude Include="sdk\ZRenderWintelD3D.h">
      <Filter>sdk</Filter>
    </ClInclude>
    <ClInclude Include="sdk\ZGeomBuffer.h">
      <Filter>sdk</Filter>
    </ClInclude>
    <ClInclude Include="sdk\ZEventBuffer.h">
      <Filter>sdk</Filter>
    </ClInclude>
    <ClInclude Include="sdk\ZSTD.h">
      <Filter>sdk</Filter>
    </ClInclude>
    <ClInclude Include="sdk\CTelePortList.h">
      <Filter>sdk</Filter>
    </ClInclude>
    <ClInclude Include="ck\Features.h">
      <Filter>ck</Filter>
    </ClInclude>
    <ClInclude Include="sdk\ZOSD.h">
      <Filter>sdk</Filter>
    </ClInclude>
    <ClInclude Include="utils\X86Arch.h">
      <Filter>utils</Filter>
    </ClInclude>
    <ClInclude Include="utils\X86MemAccessEngine.h">
      <Filter>utils</Filter>
    </ClInclude>
    <ClInclude Include="utils\X86MemTools.h">
      <Filter>utils</Filter>
    </ClInclude>
    <ClInclude Include="utils\X86Snippets.h">
      <Filter>utils</Filter>
    </ClInclude>
    <ClInclude Include="utils\X86Backend.h">
      <Filter>utils</Filter>
    </ClInclude>
    <ClInclude Include="sdk\ZHM3MenuElements.h">
      <Filter>sdk</Filter>
    </ClInclude>
    <ClInclude Include="sdk\ZHM3LevelControl.h">
      <Filter>sdk</Filter>
    </ClInclude>
    <ClInclude Include="sdk\ZEntityLocator.h">
      <Filter>sdk</Filter>
    </ClInclude>
    <ClInclude Include="sdk\ZDirect3DDevice.h">
      <Filter>sdk</Filter>
    </ClInclude>
    <ClInclude Include="ck\HM3Direct3D.h">
      <Filter>ck</Filter>
    </ClInclude>
    <ClInclude Include="third_party\ImGUI\examples\imgui_impl_dx9.h">
      <Filter>third_party\ImGUI</Filter>
    </ClInclude>
    <ClInclude Include="third_party\ImGUI\examples\imgui_impl_win32.h">
      <Filter>third_party\ImGUI</Filter>
    </ClInclude>
    <ClInclude Include="third_party\ImGUI\imconfig.h">
      <Filter>third_party\ImGUI</Filter>
    </ClInclude>
    <ClInclude Include="third_party\ImGUI\imgui.h">
      <Filter>third_party\ImGUI</Filter>
    </ClInclude>
    <ClInclude Include="third_party\ImGUI\imgui_internal.h">
      <Filter>third_party\ImGUI</Filter>
    </ClInclude>
    <ClInclude Include="third_party\ImGUI\imstb_rectpack.h">
      <Filter>third_party\ImGUI</Filter>
    </ClInclude>
    <ClInclude Include="third_party\ImGUI\imstb_textedit.h">
      <Filter>third_party\ImGUI</Filter>
    </ClInclude>
    <ClInclude Include="third_party\ImGUI\imstb_truetype.h">
      <Filter>third_party\ImGUI</Filter>
    </ClInclude>
    <ClInclude Include="ck\HM3InGameTools.h">
      <Filter>ck</Filter>
    </ClInclude>
    <ClInclude Include="sdk\ZSysInputWintel.h">
      <Filter>sdk</Filter>
    </ClInclude>
    <ClInclude Include="sdk\ZKeyboardWintel.h">
      <Filter>sdk</Filter>
    </ClInclude>
    <ClInclude Include="sdk\ZMouseWintel.h">
      <Filter>sdk</Filter>
    </ClInclude>
    <ClInclude Include="sdk\ZHM3BriefingControl.h">
      <Filter>sdk</Filter>
    </ClInclude>
    <ClInclude Include="sdk\ZBoxPrimitive.h">
      <Filter>sdk</Filter>
    </ClInclude>
    <ClInclude Include="sdk\ZHM3CameraClass.h">
      <Filter>sdk</Filter>
    </ClInclude>
    <ClInclude Include="sdk\ZAnimationInfo.h">
      <Filter>sdk</Filter>
    </ClInclude>
    <ClInclude Include="ck\HM3AnimationRegistry.h">
      <Filter>ck</Filter>
    </ClInclude>
    <ClInclude Include="sdk\ZGUI.h">
      <Filter>sdk</Filter>
    </ClInclude>
    <ClInclude Include="sdk\ZGlacierRTTI.h">
      <Filter>sdk</Filter>
    </ClInclude>
    <ClInclude Include="sdk\CMapObject.h">
      <Filter>sdk</Filter>
    </ClInclude>
    <ClInclude Include="sdk\CIngameMap.h">
      <Filter>sdk</Filter>
    </ClInclude>
    <ClInclude Include="ck\HM3DoorsRegistry.h">
      <Filter>ck</Filter>
    </ClInclude>
    <ClInclude Include="sdk\actions\ZHitmanActionPickLock.h">
      <Filter>sdk\actions</Filter>
    </ClInclude>
    <ClInclude Include="sdk\CDoor.h">
      <Filter>sdk</Filter>
    </ClInclude>
    <ClInclude Include="sdk\ZIKHAND.h">
      <Filter>sdk</Filter>
    </ClInclude>
    <ClInclude Include="sdk\FsZip_t.h">
      <Filter>sdk</Filter>
    </ClInclude>
    <ClInclude Include="sdk\ZHM3HmAs.h">
      <Filter>sdk</Filter>
    </ClInclude>
    <ClInclude Include="sdk\ZHM3ClothBundle.h">
      <Filter>sdk</Filter>
    </ClInclude>
    <ClInclude Include="sdk\ZGEOM.h">
      <Filter>sdk</Filter>
    </ClInclude>
    <ClInclude Include="sdk\REFTAB32.h">
      <Filter>sdk</Filter>
    </ClInclude>
    <ClInclude Include="sdk\CInventory.h">
      <Filter>sdk</Filter>
    </ClInclude>
    <ClInclude Include="sdk\ZHM3ItemTemplate.h">
      <Filter>sdk</Filter>
    </ClInclude>
    <ClInclude Include="sdk\ZHM3ItemTemplateAmmo.h">
      <Filter>sdk</Filter>
    </ClInclude>
    <ClInclude Include="sdk\ZHM3Item.h">
      <Filter>sdk</Filter>
    </ClInclude>
    <ClInclude Include="sdk\ZLNKWHANDS.h">
      <Filter>sdk</Filter>
    </ClInclude>
    <ClInclude Include="sdk\ZActionDispatcher.h">
      <Filter>sdk</Filter>
    </ClInclude>
    <ClInclude Include="sdk\actions\ZHM3ActorPunch.h">
      <Filter>sdk\actions</Filter>
    </ClInclude>
    <ClInclude Include="sdk\ZHM3WeaponItem.h">
      <Filter>sdk</Filter>
    </ClInclude>
    <ClInclude Include="sdk\internal\ZLoaderSequenceScriptHeader.h">
      <Filter>sdk\internal</Filter>
    </ClInclude>
    <ClInclude Include="ck\HM3FreeFileSystemLocatorProxy.h">
      <Filter>ck</Filter>
    </ClInclude>
    <ClInclude Include="sdk\render\ZRenderWintelD3DDll.h">
      <Filter>sdk\render</Filter>
    </ClInclude>
    <ClInclude Include="sdk\render\ZTextureManagerD3D.h">
      <Filter>sdk\render</Filter>
    </ClInclude>
    <ClInclude Include="sdk\render\ZRenderMaterialBufferD3D.h">
      <Filter>sdk\render</Filter>
    </ClInclude>
    <ClInclude Include="sdk\render\ZPrimControlWintel.h">
      <Filter>sdk\render</Filter>
    </ClInclude>
    <ClInclude Include="third_party\fmt\include\fmt\chrono.h">
      <Filter>third_party\fmt\include</Filter>
    </ClInclude>
    <ClInclude Include="third_party\fmt\include\fmt\color.h">
      <Filter>third_party\fmt\include</Filter>
    </ClInclude>
    <ClInclude Include="third_party\fmt\include\fmt\compile.h">
      <Filter>third_party\fmt\include</Filter>
    </ClInclude>
    <ClInclude Include="third_party\fmt\include\fmt\core.h">
      <Filter>third_party\fmt\include</Filter>
    </ClInclude>
    <ClInclude Include="third_party\fmt\include\fmt\format.h">
      <Filter>third_party\fmt\include</Filter>
    </ClInclude>
    <ClInclude Include="third_party\fmt\include\fmt\format-inl.h">
      <Filter>third_party\fmt\include</Filter>
    </ClInclude>
    <ClInclude Include="third_party\fmt\include\fmt\locale.h">
      <Filter>third_party\fmt\include</Filter>
    </ClInclude>
    <ClInclude Include="third_party\fmt\include\fmt\os.h">
      <Filter>third_party\fmt\include</Filter>
    </ClInclude>
    <ClInclude Include="third_party\fmt\include\fmt\ostream.h">
      <Filter>third_party\fmt\include</Filter>
    </ClInclude>
    <ClInclude Include="third_party\fmt\include\fmt\posix.h">
      <Filter>third_party\fmt\include</Filter>
    </ClInclude>
    <ClInclude Include="third_party\fmt\include\fmt\printf.h">
      <Filter>third_party\fmt\include</Filter>
    </ClInclude>
    <ClInclude Include="third_party\fmt\include\fmt\ranges.h">
      <Filter>third_party\fmt\include</Filter>
    </ClInclude>
    <ClInclude Include="sdk\render\ZLoader_Sequence_Wintel_D3D.h">
      <Filter>sdk\render</Filter>
    </ClInclude>
    <ClInclude Include="sdk\game\ZM13PosController.h">
      <Filter>sdk\game</Filter>
    </ClInclude>
    <ClInclude Include="sdk\ZLinkedListNodeBase.h">
      <Filter>sdk</Filter>
    </ClInclude>
    <ClInclude Include="sdk\game\ZHM3WeaponsControl.h" />
    <ClInclude Include="sdk\game\ZHM3MovementGuideToMatPos.h">
      <Filter>sdk\game</Filter>
    </ClInclude>
  </ItemGroup>
  <ItemGroup>
    <ClCompile Include="ck\HM3DebugConsole.cpp">
      <Filter>ck</Filter>
    </ClCompile>
    <ClCompile Include="ck\HM3Game.cpp">
      <Filter>ck</Filter>
    </ClCompile>
    <ClCompile Include="ck\HM3Hooks.cpp">
      <Filter>ck</Filter>
    </ClCompile>
    <ClCompile Include="ck\HM3Player.cpp">
      <Filter>ck</Filter>
    </ClCompile>
    <ClCompile Include="ck\HM3MemoryProvider.cpp">
      <Filter>ck</Filter>
    </ClCompile>
    <ClCompile Include="DllEntry.cpp" />
    <ClCompile Include="ck\HM3ProcessCache.cpp">
      <Filter>ck</Filter>
    </ClCompile>
    <ClCompile Include="ck\HM3CrashHandler.cpp">
      <Filter>ck</Filter>
    </ClCompile>
    <ClCompile Include="ck\HM3ActionFactory.cpp">
      <Filter>ck</Filter>
    </ClCompile>
    <ClCompile Include="sdk\ZEngineDatabase.cpp">
      <Filter>sdk</Filter>
    </ClCompile>
    <ClCompile Include="ck\Features.cpp">
      <Filter>ck</Filter>
    </ClCompile>
    <ClCompile Include="utils\X86MemAccessEngine.cpp">
      <Filter>utils</Filter>
    </ClCompile>
    <ClCompile Include="utils\X86MemTools.cpp">
      <Filter>utils</Filter>
    </ClCompile>
    <ClCompile Include="utils\X86Backend.cpp">
      <Filter>utils</Filter>
    </ClCompile>
    <ClCompile Include="ck\HM3Direct3D.cpp">
      <Filter>ck</Filter>
    </ClCompile>
    <ClCompile Include="third_party\ImGUI\examples\imgui_impl_dx9.cpp">
      <Filter>third_party\ImGUI</Filter>
    </ClCompile>
    <ClCompile Include="third_party\ImGUI\examples\imgui_impl_win32.cpp">
      <Filter>third_party\ImGUI</Filter>
    </ClCompile>
    <ClCompile Include="third_party\ImGUI\imgui.cpp">
      <Filter>third_party\ImGUI</Filter>
    </ClCompile>
    <ClCompile Include="third_party\ImGUI\imgui_demo.cpp">
      <Filter>third_party\ImGUI</Filter>
    </ClCompile>
    <ClCompile Include="third_party\ImGUI\imgui_draw.cpp">
      <Filter>third_party\ImGUI</Filter>
    </ClCompile>
    <ClCompile Include="third_party\ImGUI\imgui_widgets.cpp">
      <Filter>third_party\ImGUI</Filter>
    </ClCompile>
    <ClCompile Include="ck\HM3InGameTools.cpp">
      <Filter>ck</Filter>
    </ClCompile>
    <ClCompile Include="sdk\ZHM3CameraClass.cpp">
      <Filter>sdk</Filter>
    </ClCompile>
    <ClCompile Include="ck\HM3AnimationRegistry.cpp">
      <Filter>ck</Filter>
    </ClCompile>
    <ClCompile Include="ck\HM3DoorsRegistry.cpp">
      <Filter>ck</Filter>
    </ClCompile>
    <ClCompile Include="sdk\ZHM3Hitman3.cpp">
      <Filter>sdk</Filter>
    </ClCompile>
    <ClCompile Include="sdk\ZHM3Item.cpp">
      <Filter>sdk</Filter>
    </ClCompile>
    <ClCompile Include="sdk\ZHM3Actor.cpp">
      <Filter>sdk</Filter>
    </ClCompile>
    <ClCompile Include="sdk\ZLNKWHANDS.cpp">
      <Filter>sdk</Filter>
    </ClCompile>
    <ClCompile Include="sdk\ZSysMem.cpp">
      <Filter>sdk</Filter>
    </ClCompile>
    <ClCompile Include="ck\HM3FreeFileSystemLocatorProxy.cpp">
      <Filter>ck</Filter>
    </ClCompile>
    <ClCompile Include="third_party\fmt\src\os.cc">
      <Filter>third_party\fmt\src</Filter>
    </ClCompile>
    <ClCompile Include="third_party\fmt\src\format.cc">
      <Filter>third_party\fmt\src</Filter>
    </ClCompile>
  </ItemGroup>
</Project>